
Microsoft Visual Studio Solution File, Format Version 12.00
# Visual Studio Version 16
VisualStudioVersion = 16.0.32126.315
MinimumVisualStudioVersion = 10.0.40219.1
Project("{9A19103F-16F7-4668-BE54-9A1E7A4F7556}") = "AcademiaDKP", "Academia DKP\AcademiaDKP.csproj", "{E3C2E029-46E4-4632-8D91-F3DE5A599093}"
EndProject
Global
	GlobalSection(SolutionConfigurationPlatforms) = preSolution
		Debug|Any CPU = Debug|Any CPU
		Release|Any CPU = Release|Any CPU
	EndGlobalSection
	GlobalSection(ProjectConfigurationPlatforms) = postSolution
		{E3C2E029-46E4-4632-8D91-F3DE5A599093}.Debug|Any CPU.ActiveCfg = Debug|Any CPU
		{E3C2E029-46E4-4632-8D91-F3DE5A599093}.Debug|Any CPU.Build.0 = Debug|Any CPU
		{E3C2E029-46E4-4632-8D91-F3DE5A599093}.Release|Any CPU.ActiveCfg = Release|Any CPU
		{E3C2E029-46E4-4632-8D91-F3DE5A599093}.Release|Any CPU.Build.0 = Release|Any CPU
	EndGlobalSection
	GlobalSection(SolutionProperties) = preSolution
		HideSolutionNode = FALSE
	EndGlobalSection
	GlobalSection(ExtensibilityGlobals) = postSolution
		SolutionGuid = {D7616AE1-041E-42F5-90C6-F24E33DB1B34}
	EndGlobalSection
EndGlobal
